Microsoft Visual Studio Solution File, Format Version 12.00
# Visual Studio 15
VisualStudioVersion = 15.0.28307.539
MinimumVisualStudioVersion = 10.0.40219.1
Project("{9A19103F-16F7-4668-BE54-9A1E7A4F7556}") = "Lib3MF_Example", "Lib3MF_Example.csproj", "{232CCA49-A7D8-4938-AE57-D7D99D0AC38C}"
EndProject
Global
	GlobalSection(SolutionConfigurationPlatforms) = preSolution
		Debug|x64 = Debug|x64
		Release|x64 = Release|x64
	EndGlobalSection
	GlobalSection(ProjectConfigurationPlatforms) = postSolution
		{232CCA49-A7D8-4938-AE57-D7D99D0AC38C}.Debug|x64.ActiveCfg = Debug|x64
		{232CCA49-A7D8-4938-AE57-D7D99D0AC38C}.Debug|x64.Build.0 = Debug|x64
		{232CCA49-A7D8-4938-AE57-D7D99D0AC38C}.Release|x64.ActiveCfg = Release|x64
		{232CCA49-A7D8-4938-AE57-D7D99D0AC38C}.Release|x64.Build.0 = Release|x64
	EndGlobalSection
	GlobalSection(SolutionProperties) = preSolution
		HideSolutionNode = FALSE
	EndGlobalSection
	GlobalSection(ExtensibilityGlobals) = postSolution
		SolutionGuid = 6598da0c-4243-41d9-9f6c-0cef137483ec
	EndGlobalSection
EndGlobal
