<?xml version="1.0" encoding="UTF-8" standalone="yes" ?>
<CodeBlocks_project_file>
	<FileVersion major="1" minor="6" />
	<Project>
		<Option title="Lib3MFGCC" />
		<Option pch_mode="2" />
		<Option compiler="gcc" />
		<Build>
			<Target title="Debug">
				<Option output="bin/Debug/Lib3MFGCC" prefix_auto="1" extension_auto="1" />
				<Option object_output="obj/Debug/" />
				<Option type="3" />
				<Option compiler="gcc" />
				<Option createDefFile="1" />
				<Option createStaticLib="1" />
				<Compiler>
					<Add option="-std=c++11" />
					<Add option="-Wall" />
					<Add option="-g" />
					<Add option="-DBUILD_DLL" />
					<Add option="-D__GCC" />
					<Add option="-D__GCC_WIN32" />
					<Add option="-DNMR_COM_EMULATION" />
					<Add directory="../../Include" />
				</Compiler>
				<Linker>
					<Add library="user32" />
				</Linker>
			</Target>
			<Target title="Release">
				<Option output="bin/Release/Lib3MFGCC" prefix_auto="1" extension_auto="1" />
				<Option object_output="obj/Release/" />
				<Option type="3" />
				<Option compiler="gcc" />
				<Option createDefFile="1" />
				<Option createStaticLib="1" />
				<Compiler>
					<Add option="-O2" />
					<Add option="-std=c++11" />
					<Add option="-Wall" />
					<Add option="-DBUILD_DLL" />
					<Add option="-D__GCC" />
					<Add option="-D__GCC_WIN32" />
					<Add option="-DNMR_COM_EMULATION" />
					<Add directory="../../Include" />
				</Compiler>
				<Linker>
					<Add option="-s" />
					<Add library="user32" />
				</Linker>
			</Target>
		</Build>
		<Unit filename="../../Include/Common/Math/NMR_Geometry.h" />
		<Unit filename="../../Include/Common/Math/NMR_Matrix.h" />
		<Unit filename="../../Include/Common/Math/NMR_Vector.h" />
		<Unit filename="../../Include/Common/Math/NMR_VectorTree.h" />
		<Unit filename="../../Include/Common/MeshExport/NMR_MeshExportEdgeMap.h" />
		<Unit filename="../../Include/Common/MeshExport/NMR_MeshExporter.h" />
		<Unit filename="../../Include/Common/MeshExport/NMR_MeshExporter_STL.h" />
		<Unit filename="../../Include/Common/MeshImport/NMR_MeshImporter.h" />
		<Unit filename="../../Include/Common/MeshImport/NMR_MeshImporter_STL.h" />
		<Unit filename="../../Include/Common/MeshInformation/NMR_MeshInformation.h" />
		<Unit filename="../../Include/Common/MeshInformation/NMR_MeshInformationContainer.h" />
		<Unit filename="../../Include/Common/MeshInformation/NMR_MeshInformationFactory.h" />
		<Unit filename="../../Include/Common/MeshInformation/NMR_MeshInformationHandler.h" />
		<Unit filename="../../Include/Common/MeshInformation/NMR_MeshInformationTypes.h" />
		<Unit filename="../../Include/Common/MeshInformation/NMR_MeshInformation_NodeColors.h" />
		<Unit filename="../../Include/Common/MeshInformation/NMR_MeshInformation_TexCoords.h" />
		<Unit filename="../../Include/Common/Mesh/NMR_Mesh.h" />
		<Unit filename="../../Include/Common/Mesh/NMR_MeshBuilder.h" />
		<Unit filename="../../Include/Common/Mesh/NMR_MeshTypes.h" />
		<Unit filename="../../Include/Common/NMR_Assertion.h" />
		<Unit filename="../../Include/Common/NMR_ErrorConst.h" />
		<Unit filename="../../Include/Common/NMR_Exception.h" />
		<Unit filename="../../Include/Common/NMR_Exception_Windows.h" />
		<Unit filename="../../Include/Common/NMR_Local.h" />
		<Unit filename="../../Include/Common/NMR_PagedVector.h" />
		<Unit filename="../../Include/Common/NMR_StringUtils.h" />
		<Unit filename="../../Include/Common/NMR_Types.h" />
		<Unit filename="../../Include/Common/Platform/NMR_CComPtr.h" />
		<Unit filename="../../Include/Common/Platform/NMR_COM_Emulation.h" />
		<Unit filename="../../Include/Common/Platform/NMR_COM_Native.h" />
		<Unit filename="../../Include/Common/Platform/NMR_ExportStream.h" />
		<Unit filename="../../Include/Common/Platform/NMR_ExportStream_COM.h" />
		<Unit filename="../../Include/Common/Platform/NMR_IStream.h" />
		<Unit filename="../../Include/Common/Platform/NMR_ImportStream.h" />
		<Unit filename="../../Include/Common/Platform/NMR_ImportStream_COM.h" />
		<Unit filename="../../Include/Common/Platform/NMR_Platform.h" />
		<Unit filename="../../Include/Common/Platform/NMR_SAL.h" />
		<Unit filename="../../Include/Common/Platform/NMR_WinTypes.h" />
		<Unit filename="../../Include/Common/Platform/NMR_XmlReader.h" />
		<Unit filename="../../Include/Common/Platform/NMR_XmlReader_COM.h" />
		<Unit filename="../../Include/Common/Platform/NMR_XmlReader_GCC.h" />
		<Unit filename="../../Include/Common/Platform/NMR_XmlWriter.h" />
		<Unit filename="../../Include/Model/COM/NMR_COMInterface_Model.h" />
		<Unit filename="../../Include/Model/COM/NMR_COMInterface_ModelBuildItem.h" />
		<Unit filename="../../Include/Model/COM/NMR_COMInterface_ModelBuildItemIterator.h" />
		<Unit filename="../../Include/Model/COM/NMR_COMInterface_ModelComponent.h" />
		<Unit filename="../../Include/Model/COM/NMR_COMInterface_ModelComponentsObject.h" />
		<Unit filename="../../Include/Model/COM/NMR_COMInterface_ModelMeshObject.h" />
		<Unit filename="../../Include/Model/COM/NMR_COMInterface_ModelReader.h" />
		<Unit filename="../../Include/Model/COM/NMR_COMInterface_ModelResourceFactory.h" />
		<Unit filename="../../Include/Model/COM/NMR_COMInterface_ModelResourceIterator.h" />
		<Unit filename="../../Include/Model/COM/NMR_COMInterface_ModelWriter.h" />
		<Unit filename="../../Include/Model/COM/NMR_COMInterfaces.h" />
		<Unit filename="../../Include/Model/COM/NMR_COMVersion.h" />
		<Unit filename="../../Include/Model/COM/NMR_DLLInterfaces.h" />
		<Unit filename="../../Include/Model/Classes/NMR_Model.h" />
		<Unit filename="../../Include/Model/Classes/NMR_ModelBaseMaterial.h" />
		<Unit filename="../../Include/Model/Classes/NMR_ModelBuildItem.h" />
		<Unit filename="../../Include/Model/Classes/NMR_ModelComponent.h" />
		<Unit filename="../../Include/Model/Classes/NMR_ModelComponentsObject.h" />
		<Unit filename="../../Include/Model/Classes/NMR_ModelConstants.h" />
		<Unit filename="../../Include/Model/Classes/NMR_ModelMeshObject.h" />
		<Unit filename="../../Include/Model/Classes/NMR_ModelMetaData.h" />
		<Unit filename="../../Include/Model/Classes/NMR_ModelObject.h" />
		<Unit filename="../../Include/Model/Classes/NMR_ModelResource.h" />
		<Unit filename="../../Include/Model/Classes/NMR_ModelThumbnail.h" />
		<Unit filename="../../Include/Model/Classes/NMR_ModelTypes.h" />
		<Unit filename="../../Include/Model/Reader/NMR_ModelReader.h" />
		<Unit filename="../../Include/Model/Reader/NMR_ModelReaderNode.h" />
		<Unit filename="../../Include/Model/Reader/NMR_ModelReaderNode_Model.h" />
		<Unit filename="../../Include/Model/Reader/NMR_ModelReaderWarnings.h" />
		<Unit filename="../../Include/Model/Reader/NMR_ModelReader_3MF.h" />
		<Unit filename="../../Include/Model/Reader/NMR_ModelReader_3MF_GCC.h" />
		<Unit filename="../../Include/Model/Reader/NMR_ModelReader_3MF_OPC.h" />
		<Unit filename="../../Include/Model/Reader/NMR_ModelReader_STL.h" />
		<Unit filename="../../Include/Model/Reader/v100/NMR_ModelReaderNode100_Build.h" />
		<Unit filename="../../Include/Model/Reader/v100/NMR_ModelReaderNode100_BuildItem.h" />
		<Unit filename="../../Include/Model/Reader/v100/NMR_ModelReaderNode100_Component.h" />
		<Unit filename="../../Include/Model/Reader/v100/NMR_ModelReaderNode100_Components.h" />
		<Unit filename="../../Include/Model/Reader/v100/NMR_ModelReaderNode100_Mesh.h" />
		<Unit filename="../../Include/Model/Reader/v100/NMR_ModelReaderNode100_MetaData.h" />
		<Unit filename="../../Include/Model/Reader/v100/NMR_ModelReaderNode100_Object.h" />
		<Unit filename="../../Include/Model/Reader/v100/NMR_ModelReaderNode100_Resources.h" />
		<Unit filename="../../Include/Model/Reader/v100/NMR_ModelReaderNode100_Triangle.h" />
		<Unit filename="../../Include/Model/Reader/v100/NMR_ModelReaderNode100_Triangles.h" />
		<Unit filename="../../Include/Model/Reader/v100/NMR_ModelReaderNode100_Vertex.h" />
		<Unit filename="../../Include/Model/Reader/v100/NMR_ModelReaderNode100_Vertices.h" />
		<Unit filename="../../Include/Model/Writer/NMR_ModelWriter.h" />
		<Unit filename="../../Include/Model/Writer/NMR_ModelWriterNode.h" />
		<Unit filename="../../Include/Model/Writer/NMR_ModelWriter_3MF.h" />
		<Unit filename="../../Include/Model/Writer/NMR_ModelWriter_3MF_GCC.h" />
		<Unit filename="../../Include/Model/Writer/NMR_ModelWriter_3MF_OPC.h" />
		<Unit filename="../../Include/Model/Writer/NMR_ModelWriter_STL.h" />
		<Unit filename="../../Include/Model/Writer/v100/NMR_ModelWriterNode100_Mesh.h" />
		<Unit filename="../../Include/Model/Writer/v100/NMR_ModelWriterNode100_Model.h" />
		<Unit filename="../../Source/Common/Math/NMR_Matrix.cpp" />
		<Unit filename="../../Source/Common/Math/NMR_PairMatchingTree.cpp" />
		<Unit filename="../../Source/Common/Math/NMR_Vector.cpp" />
		<Unit filename="../../Source/Common/Math/NMR_VectorTree.cpp" />
		<Unit filename="../../Source/Common/MeshExport/NMR_MeshExportEdgeMap.cpp" />
		<Unit filename="../../Source/Common/MeshExport/NMR_MeshExporter.cpp" />
		<Unit filename="../../Source/Common/MeshExport/NMR_MeshExporter_STL.cpp" />
		<Unit filename="../../Source/Common/MeshImport/NMR_MeshImporter.cpp" />
		<Unit filename="../../Source/Common/MeshImport/NMR_MeshImporter_STL.cpp" />
		<Unit filename="../../Source/Common/MeshInformation/NMR_MeshInformation.cpp" />
		<Unit filename="../../Source/Common/MeshInformation/NMR_MeshInformationContainer.cpp" />
		<Unit filename="../../Source/Common/MeshInformation/NMR_MeshInformationFactory.cpp" />
		<Unit filename="../../Source/Common/MeshInformation/NMR_MeshInformationHandler.cpp" />
		<Unit filename="../../Source/Common/MeshInformation/NMR_MeshInformation_BaseMaterials.cpp" />
		<Unit filename="../../Source/Common/MeshInformation/NMR_MeshInformation_NodeColors.cpp" />
		<Unit filename="../../Source/Common/MeshInformation/NMR_MeshInformation_TexCoords.cpp" />
		<Unit filename="../../Source/Common/Mesh/NMR_Mesh.cpp" />
		<Unit filename="../../Source/Common/Mesh/NMR_MeshBuilder.cpp" />
		<Unit filename="../../Source/Common/NMR_Exception.cpp" />
		<Unit filename="../../Source/Common/NMR_Exception_Windows.cpp" />
		<Unit filename="../../Source/Common/NMR_StringUtils.cpp" />
		<Unit filename="../../Source/Common/OPC/NMR_OpcPackagePart.cpp" />
		<Unit filename="../../Source/Common/OPC/NMR_OpcPackageReader.cpp" />
		<Unit filename="../../Source/Common/OPC/NMR_OpcPackageRelationship.cpp" />
		<Unit filename="../../Source/Common/OPC/NMR_OpcPackageRelationshipReader.cpp" />
		<Unit filename="../../Source/Common/OPC/NMR_OpcPackageWriter.cpp" />
		<Unit filename="../../Source/Common/Platform/NMR_ExportStream.cpp" />
		<Unit filename="../../Source/Common/Platform/NMR_ExportStream_GCC_Native.cpp" />
		<Unit filename="../../Source/Common/Platform/NMR_ExportStream_GCC_Win32.cpp" />
		<Unit filename="../../Source/Common/Platform/NMR_ExportStream_ZIP.cpp" />
		<Unit filename="../../Source/Common/Platform/NMR_ImportStream_GCC_Native.cpp" />
		<Unit filename="../../Source/Common/Platform/NMR_ImportStream_GCC_Win32.cpp" />
		<Unit filename="../../Source/Common/Platform/NMR_ImportStream_Memory.cpp" />
		<Unit filename="../../Source/Common/Platform/NMR_ImportStream_ZIP.cpp" />
		<Unit filename="../../Source/Common/Platform/NMR_Platform_GCC.cpp" />
		<Unit filename="../../Source/Common/Platform/NMR_PortableZIPWriter.cpp" />
		<Unit filename="../../Source/Common/Platform/NMR_PortableZIPWriterEntry.cpp" />
		<Unit filename="../../Source/Common/Platform/NMR_Time.cpp" />
		<Unit filename="../../Source/Common/Platform/NMR_XmlReader.cpp" />
		<Unit filename="../../Source/Common/Platform/NMR_XmlReader_Native.cpp" />
		<Unit filename="../../Source/Common/Platform/NMR_XmlWriter.cpp" />
		<Unit filename="../../Source/Common/Platform/NMR_XmlWriter_Native.cpp" />
		<Unit filename="../../Source/Libraries/libzip/zip_add.c">
			<Option compilerVar="CC" />
		</Unit>
		<Unit filename="../../Source/Libraries/libzip/zip_add_dir.c">
			<Option compilerVar="CC" />
		</Unit>
		<Unit filename="../../Source/Libraries/libzip/zip_add_entry.c">
			<Option compilerVar="CC" />
		</Unit>
		<Unit filename="../../Source/Libraries/libzip/zip_buffer.c">
			<Option compilerVar="CC" />
		</Unit>
		<Unit filename="../../Source/Libraries/libzip/zip_close.c">
			<Option compilerVar="CC" />
		</Unit>
		<Unit filename="../../Source/Libraries/libzip/zip_delete.c">
			<Option compilerVar="CC" />
		</Unit>
		<Unit filename="../../Source/Libraries/libzip/zip_dir_add.c">
			<Option compilerVar="CC" />
		</Unit>
		<Unit filename="../../Source/Libraries/libzip/zip_dirent.c">
			<Option compilerVar="CC" />
		</Unit>
		<Unit filename="../../Source/Libraries/libzip/zip_discard.c">
			<Option compilerVar="CC" />
		</Unit>
		<Unit filename="../../Source/Libraries/libzip/zip_entry.c">
			<Option compilerVar="CC" />
		</Unit>
		<Unit filename="../../Source/Libraries/libzip/zip_err_str.c">
			<Option compilerVar="CC" />
		</Unit>
		<Unit filename="../../Source/Libraries/libzip/zip_error.c">
			<Option compilerVar="CC" />
		</Unit>
		<Unit filename="../../Source/Libraries/libzip/zip_error_clear.c">
			<Option compilerVar="CC" />
		</Unit>
		<Unit filename="../../Source/Libraries/libzip/zip_error_get.c">
			<Option compilerVar="CC" />
		</Unit>
		<Unit filename="../../Source/Libraries/libzip/zip_error_get_sys_type.c">
			<Option compilerVar="CC" />
		</Unit>
		<Unit filename="../../Source/Libraries/libzip/zip_error_strerror.c">
			<Option compilerVar="CC" />
		</Unit>
		<Unit filename="../../Source/Libraries/libzip/zip_error_to_str.c">
			<Option compilerVar="CC" />
		</Unit>
		<Unit filename="../../Source/Libraries/libzip/zip_extra_field.c">
			<Option compilerVar="CC" />
		</Unit>
		<Unit filename="../../Source/Libraries/libzip/zip_extra_field_api.c">
			<Option compilerVar="CC" />
		</Unit>
		<Unit filename="../../Source/Libraries/libzip/zip_fclose.c">
			<Option compilerVar="CC" />
		</Unit>
		<Unit filename="../../Source/Libraries/libzip/zip_file_add.c">
			<Option compilerVar="CC" />
		</Unit>
		<Unit filename="../../Source/Libraries/libzip/zip_file_error_clear.c">
			<Option compilerVar="CC" />
		</Unit>
		<Unit filename="../../Source/Libraries/libzip/zip_file_error_get.c">
			<Option compilerVar="CC" />
		</Unit>
		<Unit filename="../../Source/Libraries/libzip/zip_file_get_comment.c">
			<Option compilerVar="CC" />
		</Unit>
		<Unit filename="../../Source/Libraries/libzip/zip_file_get_external_attributes.c">
			<Option compilerVar="CC" />
		</Unit>
		<Unit filename="../../Source/Libraries/libzip/zip_file_get_offset.c">
			<Option compilerVar="CC" />
		</Unit>
		<Unit filename="../../Source/Libraries/libzip/zip_file_rename.c">
			<Option compilerVar="CC" />
		</Unit>
		<Unit filename="../../Source/Libraries/libzip/zip_file_replace.c">
			<Option compilerVar="CC" />
		</Unit>
		<Unit filename="../../Source/Libraries/libzip/zip_file_set_comment.c">
			<Option compilerVar="CC" />
		</Unit>
		<Unit filename="../../Source/Libraries/libzip/zip_file_set_external_attributes.c">
			<Option compilerVar="CC" />
		</Unit>
		<Unit filename="../../Source/Libraries/libzip/zip_file_set_mtime.c">
			<Option compilerVar="CC" />
		</Unit>
		<Unit filename="../../Source/Libraries/libzip/zip_file_strerror.c">
			<Option compilerVar="CC" />
		</Unit>
		<Unit filename="../../Source/Libraries/libzip/zip_filerange_crc.c">
			<Option compilerVar="CC" />
		</Unit>
		<Unit filename="../../Source/Libraries/libzip/zip_fopen.c">
			<Option compilerVar="CC" />
		</Unit>
		<Unit filename="../../Source/Libraries/libzip/zip_fopen_encrypted.c">
			<Option compilerVar="CC" />
		</Unit>
		<Unit filename="../../Source/Libraries/libzip/zip_fopen_index.c">
			<Option compilerVar="CC" />
		</Unit>
		<Unit filename="../../Source/Libraries/libzip/zip_fopen_index_encrypted.c">
			<Option compilerVar="CC" />
		</Unit>
		<Unit filename="../../Source/Libraries/libzip/zip_fread.c">
			<Option compilerVar="CC" />
		</Unit>
		<Unit filename="../../Source/Libraries/libzip/zip_get_archive_comment.c">
			<Option compilerVar="CC" />
		</Unit>
		<Unit filename="../../Source/Libraries/libzip/zip_get_archive_flag.c">
			<Option compilerVar="CC" />
		</Unit>
		<Unit filename="../../Source/Libraries/libzip/zip_get_compression_implementation.c">
			<Option compilerVar="CC" />
		</Unit>
		<Unit filename="../../Source/Libraries/libzip/zip_get_encryption_implementation.c">
			<Option compilerVar="CC" />
		</Unit>
		<Unit filename="../../Source/Libraries/libzip/zip_get_file_comment.c">
			<Option compilerVar="CC" />
		</Unit>
		<Unit filename="../../Source/Libraries/libzip/zip_get_name.c">
			<Option compilerVar="CC" />
		</Unit>
		<Unit filename="../../Source/Libraries/libzip/zip_get_num_entries.c">
			<Option compilerVar="CC" />
		</Unit>
		<Unit filename="../../Source/Libraries/libzip/zip_get_num_files.c">
			<Option compilerVar="CC" />
		</Unit>
		<Unit filename="../../Source/Libraries/libzip/zip_io_util.c">
			<Option compilerVar="CC" />
		</Unit>
		<Unit filename="../../Source/Libraries/libzip/zip_memdup.c">
			<Option compilerVar="CC" />
		</Unit>
		<Unit filename="../../Source/Libraries/libzip/zip_name_locate.c">
			<Option compilerVar="CC" />
		</Unit>
		<Unit filename="../../Source/Libraries/libzip/zip_new.c">
			<Option compilerVar="CC" />
		</Unit>
		<Unit filename="../../Source/Libraries/libzip/zip_open.c">
			<Option compilerVar="CC" />
		</Unit>
		<Unit filename="../../Source/Libraries/libzip/zip_rename.c">
			<Option compilerVar="CC" />
		</Unit>
		<Unit filename="../../Source/Libraries/libzip/zip_replace.c">
			<Option compilerVar="CC" />
		</Unit>
		<Unit filename="../../Source/Libraries/libzip/zip_set_archive_comment.c">
			<Option compilerVar="CC" />
		</Unit>
		<Unit filename="../../Source/Libraries/libzip/zip_set_archive_flag.c">
			<Option compilerVar="CC" />
		</Unit>
		<Unit filename="../../Source/Libraries/libzip/zip_set_file_comment.c">
			<Option compilerVar="CC" />
		</Unit>
		<Unit filename="../../Source/Libraries/libzip/zip_set_file_compression.c">
			<Option compilerVar="CC" />
		</Unit>
		<Unit filename="../../Source/Libraries/libzip/zip_set_name.c">
			<Option compilerVar="CC" />
		</Unit>
		<Unit filename="../../Source/Libraries/libzip/zip_source_begin_write.c">
			<Option compilerVar="CC" />
		</Unit>
		<Unit filename="../../Source/Libraries/libzip/zip_source_buffer.c">
			<Option compilerVar="CC" />
		</Unit>
		<Unit filename="../../Source/Libraries/libzip/zip_source_call.c">
			<Option compilerVar="CC" />
		</Unit>
		<Unit filename="../../Source/Libraries/libzip/zip_source_close.c">
			<Option compilerVar="CC" />
		</Unit>
		<Unit filename="../../Source/Libraries/libzip/zip_source_commit_write.c">
			<Option compilerVar="CC" />
		</Unit>
		<Unit filename="../../Source/Libraries/libzip/zip_source_crc.c">
			<Option compilerVar="CC" />
		</Unit>
		<Unit filename="../../Source/Libraries/libzip/zip_source_deflate.c">
			<Option compilerVar="CC" />
		</Unit>
		<Unit filename="../../Source/Libraries/libzip/zip_source_error.c">
			<Option compilerVar="CC" />
		</Unit>
		<Unit filename="../../Source/Libraries/libzip/zip_source_free.c">
			<Option compilerVar="CC" />
		</Unit>
		<Unit filename="../../Source/Libraries/libzip/zip_source_function.c">
			<Option compilerVar="CC" />
		</Unit>
		<Unit filename="../../Source/Libraries/libzip/zip_source_is_deleted.c">
			<Option compilerVar="CC" />
		</Unit>
		<Unit filename="../../Source/Libraries/libzip/zip_source_layered.c">
			<Option compilerVar="CC" />
		</Unit>
		<Unit filename="../../Source/Libraries/libzip/zip_source_open.c">
			<Option compilerVar="CC" />
		</Unit>
		<Unit filename="../../Source/Libraries/libzip/zip_source_pkware.c">
			<Option compilerVar="CC" />
		</Unit>
		<Unit filename="../../Source/Libraries/libzip/zip_source_read.c">
			<Option compilerVar="CC" />
		</Unit>
		<Unit filename="../../Source/Libraries/libzip/zip_source_remove.c">
			<Option compilerVar="CC" />
		</Unit>
		<Unit filename="../../Source/Libraries/libzip/zip_source_rollback_write.c">
			<Option compilerVar="CC" />
		</Unit>
		<Unit filename="../../Source/Libraries/libzip/zip_source_seek.c">
			<Option compilerVar="CC" />
		</Unit>
		<Unit filename="../../Source/Libraries/libzip/zip_source_seek_write.c">
			<Option compilerVar="CC" />
		</Unit>
		<Unit filename="../../Source/Libraries/libzip/zip_source_stat.c">
			<Option compilerVar="CC" />
		</Unit>
		<Unit filename="../../Source/Libraries/libzip/zip_source_supports.c">
			<Option compilerVar="CC" />
		</Unit>
		<Unit filename="../../Source/Libraries/libzip/zip_source_tell.c">
			<Option compilerVar="CC" />
		</Unit>
		<Unit filename="../../Source/Libraries/libzip/zip_source_tell_write.c">
			<Option compilerVar="CC" />
		</Unit>
		<Unit filename="../../Source/Libraries/libzip/zip_source_window.c">
			<Option compilerVar="CC" />
		</Unit>
		<Unit filename="../../Source/Libraries/libzip/zip_source_write.c">
			<Option compilerVar="CC" />
		</Unit>
		<Unit filename="../../Source/Libraries/libzip/zip_source_zip.c">
			<Option compilerVar="CC" />
		</Unit>
		<Unit filename="../../Source/Libraries/libzip/zip_source_zip_new.c">
			<Option compilerVar="CC" />
		</Unit>
		<Unit filename="../../Source/Libraries/libzip/zip_stat.c">
			<Option compilerVar="CC" />
		</Unit>
		<Unit filename="../../Source/Libraries/libzip/zip_stat_index.c">
			<Option compilerVar="CC" />
		</Unit>
		<Unit filename="../../Source/Libraries/libzip/zip_stat_init.c">
			<Option compilerVar="CC" />
		</Unit>
		<Unit filename="../../Source/Libraries/libzip/zip_strerror.c">
			<Option compilerVar="CC" />
		</Unit>
		<Unit filename="../../Source/Libraries/libzip/zip_string.c">
			<Option compilerVar="CC" />
		</Unit>
		<Unit filename="../../Source/Libraries/libzip/zip_unchange.c">
			<Option compilerVar="CC" />
		</Unit>
		<Unit filename="../../Source/Libraries/libzip/zip_unchange_all.c">
			<Option compilerVar="CC" />
		</Unit>
		<Unit filename="../../Source/Libraries/libzip/zip_unchange_archive.c">
			<Option compilerVar="CC" />
		</Unit>
		<Unit filename="../../Source/Libraries/libzip/zip_unchange_data.c">
			<Option compilerVar="CC" />
		</Unit>
		<Unit filename="../../Source/Libraries/libzip/zip_utf-8.c">
			<Option compilerVar="CC" />
		</Unit>
		<Unit filename="../../Source/Libraries/zlib/adler32.c">
			<Option compilerVar="CC" />
		</Unit>
		<Unit filename="../../Source/Libraries/zlib/compress.c">
			<Option compilerVar="CC" />
		</Unit>
		<Unit filename="../../Source/Libraries/zlib/crc32.c">
			<Option compilerVar="CC" />
		</Unit>
		<Unit filename="../../Source/Libraries/zlib/deflate.c">
			<Option compilerVar="CC" />
		</Unit>
		<Unit filename="../../Source/Libraries/zlib/infback.c">
			<Option compilerVar="CC" />
		</Unit>
		<Unit filename="../../Source/Libraries/zlib/inffast.c">
			<Option compilerVar="CC" />
		</Unit>
		<Unit filename="../../Source/Libraries/zlib/inflate.c">
			<Option compilerVar="CC" />
		</Unit>
		<Unit filename="../../Source/Libraries/zlib/inftrees.c">
			<Option compilerVar="CC" />
		</Unit>
		<Unit filename="../../Source/Libraries/zlib/trees.c">
			<Option compilerVar="CC" />
		</Unit>
		<Unit filename="../../Source/Libraries/zlib/uncompr.c">
			<Option compilerVar="CC" />
		</Unit>
		<Unit filename="../../Source/Libraries/zlib/zutil.c">
			<Option compilerVar="CC" />
		</Unit>
		<Unit filename="../../Source/Model/COM/NMR_COMInterface_GCC.cpp" />
		<Unit filename="../../Source/Model/COM/NMR_COMInterface_Model.cpp" />
		<Unit filename="../../Source/Model/COM/NMR_COMInterface_ModelBaseMaterial.cpp" />
		<Unit filename="../../Source/Model/COM/NMR_COMInterface_ModelBuildItem.cpp" />
		<Unit filename="../../Source/Model/COM/NMR_COMInterface_ModelBuildItemIterator.cpp" />
		<Unit filename="../../Source/Model/COM/NMR_COMInterface_ModelComponent.cpp" />
		<Unit filename="../../Source/Model/COM/NMR_COMInterface_ModelComponentsObject.cpp" />
		<Unit filename="../../Source/Model/COM/NMR_COMInterface_ModelDefaultPropertyHandler.cpp" />
		<Unit filename="../../Source/Model/COM/NMR_COMInterface_ModelMeshObject.cpp" />
		<Unit filename="../../Source/Model/COM/NMR_COMInterface_ModelPropertyHandler.cpp" />
		<Unit filename="../../Source/Model/COM/NMR_COMInterface_ModelReader.cpp" />
		<Unit filename="../../Source/Model/COM/NMR_COMInterface_ModelResourceFactory.cpp" />
		<Unit filename="../../Source/Model/COM/NMR_COMInterface_ModelResourceIterator.cpp" />
		<Unit filename="../../Source/Model/COM/NMR_COMInterface_ModelTexture2D.cpp" />
		<Unit filename="../../Source/Model/COM/NMR_COMInterface_ModelWriter.cpp" />
		<Unit filename="../../Source/Model/COM/NMR_DLLInterfaces.cpp" />
		<Unit filename="../../Source/Model/Classes/NMR_Model.cpp" />
		<Unit filename="../../Source/Model/Classes/NMR_ModelBaseMaterial.cpp" />
		<Unit filename="../../Source/Model/Classes/NMR_ModelBaseMaterials.cpp" />
		<Unit filename="../../Source/Model/Classes/NMR_ModelBuildItem.cpp" />
		<Unit filename="../../Source/Model/Classes/NMR_ModelComponent.cpp" />
		<Unit filename="../../Source/Model/Classes/NMR_ModelComponentsObject.cpp" />
		<Unit filename="../../Source/Model/Classes/NMR_ModelDefaultProperty.cpp" />
		<Unit filename="../../Source/Model/Classes/NMR_ModelDefaultProperty_BaseMaterial.cpp" />
		<Unit filename="../../Source/Model/Classes/NMR_ModelDefaultProperty_Color.cpp" />
		<Unit filename="../../Source/Model/Classes/NMR_ModelDefaultProperty_TexCoord2D.cpp" />
		<Unit filename="../../Source/Model/Classes/NMR_ModelMeshObject.cpp" />
		<Unit filename="../../Source/Model/Classes/NMR_ModelMetaData.cpp" />
		<Unit filename="../../Source/Model/Classes/NMR_ModelObject.cpp" />
		<Unit filename="../../Source/Model/Classes/NMR_ModelResource.cpp" />
		<Unit filename="../../Source/Model/Classes/NMR_ModelTexture2D.cpp" />
		<Unit filename="../../Source/Model/Classes/NMR_ModelThumbnail.cpp" />
		<Unit filename="../../Source/Model/Reader/NMR_ModelReader.cpp" />
		<Unit filename="../../Source/Model/Reader/NMR_ModelReaderNode.cpp" />
		<Unit filename="../../Source/Model/Reader/NMR_ModelReaderNode_Model.cpp" />
		<Unit filename="../../Source/Model/Reader/NMR_ModelReaderWarnings.cpp" />
		<Unit filename="../../Source/Model/Reader/NMR_ModelReader_3MF.cpp" />
		<Unit filename="../../Source/Model/Reader/NMR_ModelReader_3MF_Native.cpp" />
		<Unit filename="../../Source/Model/Reader/NMR_ModelReader_ColorMapping.cpp" />
		<Unit filename="../../Source/Model/Reader/NMR_ModelReader_STL.cpp" />
		<Unit filename="../../Source/Model/Reader/NMR_ModelReader_TexCoordMapping.cpp" />
		<Unit filename="../../Source/Model/Reader/v093/NMR_ModelReaderNode093_Build.cpp" />
		<Unit filename="../../Source/Model/Reader/v093/NMR_ModelReaderNode093_BuildItem.cpp" />
		<Unit filename="../../Source/Model/Reader/v093/NMR_ModelReaderNode093_Color.cpp" />
		<Unit filename="../../Source/Model/Reader/v093/NMR_ModelReaderNode093_Component.cpp" />
		<Unit filename="../../Source/Model/Reader/v093/NMR_ModelReaderNode093_Components.cpp" />
		<Unit filename="../../Source/Model/Reader/v093/NMR_ModelReaderNode093_Material.cpp" />
		<Unit filename="../../Source/Model/Reader/v093/NMR_ModelReaderNode093_Mesh.cpp" />
		<Unit filename="../../Source/Model/Reader/v093/NMR_ModelReaderNode093_Object.cpp" />
		<Unit filename="../../Source/Model/Reader/v093/NMR_ModelReaderNode093_Resources.cpp" />
		<Unit filename="../../Source/Model/Reader/v093/NMR_ModelReaderNode093_Texture.cpp" />
		<Unit filename="../../Source/Model/Reader/v093/NMR_ModelReaderNode093_TextureVertex.cpp" />
		<Unit filename="../../Source/Model/Reader/v093/NMR_ModelReaderNode093_TextureVertices.cpp" />
		<Unit filename="../../Source/Model/Reader/v093/NMR_ModelReaderNode093_Triangle.cpp" />
		<Unit filename="../../Source/Model/Reader/v093/NMR_ModelReaderNode093_Triangles.cpp" />
		<Unit filename="../../Source/Model/Reader/v093/NMR_ModelReaderNode093_Vertex.cpp" />
		<Unit filename="../../Source/Model/Reader/v093/NMR_ModelReaderNode093_Vertices.cpp" />
		<Unit filename="../../Source/Model/Reader/v100/NMR_ModelReaderNode100_BaseMaterial.cpp" />
		<Unit filename="../../Source/Model/Reader/v100/NMR_ModelReaderNode100_BaseMaterials.cpp" />
		<Unit filename="../../Source/Model/Reader/v100/NMR_ModelReaderNode100_Build.cpp" />
		<Unit filename="../../Source/Model/Reader/v100/NMR_ModelReaderNode100_BuildItem.cpp" />
		<Unit filename="../../Source/Model/Reader/v100/NMR_ModelReaderNode100_Color.cpp" />
		<Unit filename="../../Source/Model/Reader/v100/NMR_ModelReaderNode100_Colors.cpp" />
		<Unit filename="../../Source/Model/Reader/v100/NMR_ModelReaderNode100_Component.cpp" />
		<Unit filename="../../Source/Model/Reader/v100/NMR_ModelReaderNode100_Components.cpp" />
		<Unit filename="../../Source/Model/Reader/v100/NMR_ModelReaderNode100_Mesh.cpp" />
		<Unit filename="../../Source/Model/Reader/v100/NMR_ModelReaderNode100_MetaData.cpp" />
		<Unit filename="../../Source/Model/Reader/v100/NMR_ModelReaderNode100_Object.cpp" />
		<Unit filename="../../Source/Model/Reader/v100/NMR_ModelReaderNode100_Resources.cpp" />
		<Unit filename="../../Source/Model/Reader/v100/NMR_ModelReaderNode100_Tex2Coord.cpp" />
		<Unit filename="../../Source/Model/Reader/v100/NMR_ModelReaderNode100_Tex2DGroup.cpp" />
		<Unit filename="../../Source/Model/Reader/v100/NMR_ModelReaderNode100_Texture2D.cpp" />
		<Unit filename="../../Source/Model/Reader/v100/NMR_ModelReaderNode100_Triangle.cpp" />
		<Unit filename="../../Source/Model/Reader/v100/NMR_ModelReaderNode100_Triangles.cpp" />
		<Unit filename="../../Source/Model/Reader/v100/NMR_ModelReaderNode100_Vertex.cpp" />
		<Unit filename="../../Source/Model/Reader/v100/NMR_ModelReaderNode100_Vertices.cpp" />
		<Unit filename="../../Source/Model/Writer/NMR_ModelWriter.cpp" />
		<Unit filename="../../Source/Model/Writer/NMR_ModelWriterNode.cpp" />
		<Unit filename="../../Source/Model/Writer/NMR_ModelWriter_3MF.cpp" />
		<Unit filename="../../Source/Model/Writer/NMR_ModelWriter_3MF_Native.cpp" />
		<Unit filename="../../Source/Model/Writer/NMR_ModelWriter_ColorMapping.cpp" />
		<Unit filename="../../Source/Model/Writer/NMR_ModelWriter_STL.cpp" />
		<Unit filename="../../Source/Model/Writer/NMR_ModelWriter_TexCoordMapping.cpp" />
		<Unit filename="../../Source/Model/Writer/NMR_ModelWriter_TexCoordMappingContainer.cpp" />
		<Unit filename="../../Source/Model/Writer/v100/NMR_ModelWriterNode100_Mesh.cpp" />
		<Unit filename="../../Source/Model/Writer/v100/NMR_ModelWriterNode100_Model.cpp" />
		<Unit filename="main.cpp" />
		<Extensions>
			<code_completion />
			<envvars />
			<debugger />
			<lib_finder disable_auto="1" />
		</Extensions>
	</Project>
</CodeBlocks_project_file>
